// !$*UTF8*$!
{
	archiveVersion = 1;
	classes = {
	};
	objectVersion = 48;
	objects = {

/* Begin PBXBuildFile section */
		00923DBB94CEB7E8D97D0556 /* Pods_DoctorPicker.framework in Frameworks */ = {isa = PBXBuildFile; fileRef = 12EE9D2A653BE3B3788FB023 /* Pods_DoctorPicker.framework */; };
		F5C7CC56202AF158003B6B29 /* AppDelegate.swift in Sources */ = {isa = PBXBuildFile; fileRef = F5C7CC55202AF158003B6B29 /* AppDelegate.swift */; };
		F5C7CC58202AF158003B6B29 /* ViewController.swift in Sources */ = {isa = PBXBuildFile; fileRef = F5C7CC57202AF158003B6B29 /* ViewController.swift */; };
		F5C7CC5B202AF158003B6B29 /* Main.storyboard in Resources */ = {isa = PBXBuildFile; fileRef = F5C7CC59202AF158003B6B29 /* Main.storyboard */; };
		F5C7CC5D202AF158003B6B29 /* Assets.xcassets in Resources */ = {isa = PBXBuildFile; fileRef = F5C7CC5C202AF158003B6B29 /* Assets.xcassets */; };
		F5C7CC60202AF158003B6B29 /* LaunchScreen.storyboard in Resources */ = {isa = PBXBuildFile; fileRef = F5C7CC5E202AF158003B6B29 /* LaunchScreen.storyboard */; };
		F5C7CC6A202AF267003B6B29 /* NetworkService.swift in Sources */ = {isa = PBXBuildFile; fileRef = F5C7CC69202AF267003B6B29 /* NetworkService.swift */; };
		F5C7CC6C202AFFBC003B6B29 /* Default-568h@2x.png in Resources */ = {isa = PBXBuildFile; fileRef = F5C7CC6B202AFFBC003B6B29 /* Default-568h@2x.png */; };
/* End PBXBuildFile section */

/* Begin PBXFileReference section */
		12EE9D2A653BE3B3788FB023 /* Pods_DoctorPicker.framework */ = {isa = PBXFileReference; explicitFileType = wrapper.framework; includeInIndex = 0; path = Pods_DoctorPicker.framework; sourceTree = BUILT_PRODUCTS_DIR; };
		A5E31567406754C88AD4539C /* Pods-DoctorPicker.debug.xcconfig */ = {isa = PBXFileReference; includeInIndex = 1; lastKnownFileType = text.xcconfig; name = "Pods-DoctorPicker.debug.xcconfig"; path = "Pods/Target Support Files/Pods-DoctorPicker/Pods-DoctorPicker.debug.xcconfig"; sourceTree = "<group>"; };
		DA4269C96BA75DB1ED402692 /* Pods-DoctorPicker.release.xcconfig */ = {isa = PBXFileReference; includeInIndex = 1; lastKnownFileType = text.xcconfig; name = "Pods-DoctorPicker.release.xcconfig"; path = "Pods/Target Support Files/Pods-DoctorPicker/Pods-DoctorPicker.release.xcconfig"; sourceTree = "<group>"; };
		F5C7CC52202AF158003B6B29 /* DoctorPicker.app */ = {isa = PBXFileReference; explicitFileType = wrapper.application; includeInIndex = 0; path = DoctorPicker.app; sourceTree = BUILT_PRODUCTS_DIR; };
		F5C7CC55202AF158003B6B29 /* AppDelegate.swift */ = {isa = PBXFileReference; lastKnownFileType = sourcecode.swift; path = AppDelegate.swift; sourceTree = "<group>"; };
		F5C7CC57202AF158003B6B29 /* ViewController.swift */ = {isa = PBXFileReference; lastKnownFileType = sourcecode.swift; path = ViewController.swift; sourceTree = "<group>"; };
		F5C7CC5A202AF158003B6B29 /* Base */ = {isa = PBXFileReference; lastKnownFileType = file.storyboard; name = Base; path = Base.lproj/Main.storyboard; sourceTree = "<group>"; };
		F5C7CC5C202AF158003B6B29 /* Assets.xcassets */ = {isa = PBXFileReference; lastKnownFileType = folder.assetcatalog; path = Assets.xcassets; sourceTree = "<group>"; };
		F5C7CC5F202AF158003B6B29 /* Base */ = {isa = PBXFileReference; lastKnownFileType = file.storyboard; name = Base; path = Base.lproj/LaunchScreen.storyboard; sourceTree = "<group>"; };
		F5C7CC61202AF158003B6B29 /* Info.plist */ = {isa = PBXFileReference; lastKnownFileType = text.plist.xml; path = Info.plist; sourceTree = "<group>"; };
		F5C7CC69202AF267003B6B29 /* NetworkService.swift */ = {isa = PBXFileReference; lastKnownFileType = sourcecode.swift; path = NetworkService.swift; sourceTree = "<group>"; };
		F5C7CC6B202AFFBC003B6B29 /* Default-568h@2x.png */ = {isa = PBXFileReference; lastKnownFileType = image.png; path = "Default-568h@2x.png"; sourceTree = "<group>"; };
/* End PBXFileReference section */

/* Begin PBXFrameworksBuildPhase section */
		F5C7CC4F202AF158003B6B29 /* Frameworks */ = {
			isa = PBXFrameworksBuildPhase;
			buildActionMask = 2147483647;
			files = (
				00923DBB94CEB7E8D97D0556 /* Pods_DoctorPicker.framework in Frameworks */,
			);
			runOnlyForDeploymentPostprocessing = 0;
		};
/* End PBXFrameworksBuildPhase section */

/* Begin PBXGroup section */
		0B9943EFF1D1DA5A714668F9 /* Pods */ = {
			isa = PBXGroup;
			children = (
				A5E31567406754C88AD4539C /* Pods-DoctorPicker.debug.xcconfig */,
				DA4269C96BA75DB1ED402692 /* Pods-DoctorPicker.release.xcconfig */,
			);
			name = Pods;
			sourceTree = "<group>";
		};
		CB32D1D653EB0ECEF1E8962E /* Frameworks */ = {
			isa = PBXGroup;
			children = (
				12EE9D2A653BE3B3788FB023 /* Pods_DoctorPicker.framework */,
			);
			name = Frameworks;
			sourceTree = "<group>";
		};
		F5C7CC49202AF158003B6B29 = {
			isa = PBXGroup;
			children = (
				F5C7CC6B202AFFBC003B6B29 /* Default-568h@2x.png */,
				F5C7CC54202AF158003B6B29 /* DoctorPicker */,
				F5C7CC53202AF158003B6B29 /* Products */,
				0B9943EFF1D1DA5A714668F9 /* Pods */,
				CB32D1D653EB0ECEF1E8962E /* Frameworks */,
			);
			sourceTree = "<group>";
		};
		F5C7CC53202AF158003B6B29 /* Products */ = {
			isa = PBXGroup;
			children = (
				F5C7CC52202AF158003B6B29 /* DoctorPicker.app */,
			);
			name = Products;
			sourceTree = "<group>";
		};
		F5C7CC54202AF158003B6B29 /* DoctorPicker */ = {
			isa = PBXGroup;
			children = (
				F5C7CC68202AF24F003B6B29 /* Classes */,
				F5C7CC67202AF16A003B6B29 /* Supporting Files */,
				F5C7CC57202AF158003B6B29 /* ViewController.swift */,
			);
			path = DoctorPicker;
			sourceTree = "<group>";
		};
		F5C7CC67202AF16A003B6B29 /* Supporting Files */ = {
			isa = PBXGroup;
			children = (
				F5C7CC55202AF158003B6B29 /* AppDelegate.swift */,
				F5C7CC59202AF158003B6B29 /* Main.storyboard */,
				F5C7CC5C202AF158003B6B29 /* Assets.xcassets */,
				F5C7CC5E202AF158003B6B29 /* LaunchScreen.storyboard */,
				F5C7CC61202AF158003B6B29 /* Info.plist */,
			);
			path = "Supporting Files";
			sourceTree = "<group>";
		};
		F5C7CC68202AF24F003B6B29 /* Classes */ = {
			isa = PBXGroup;
			children = (
				F5C7CC69202AF267003B6B29 /* NetworkService.swift */,
			);
			path = Classes;
			sourceTree = "<group>";
		};
/* End PBXGroup section */

/* Begin PBXNativeTarget section */
		F5C7CC51202AF158003B6B29 /* DoctorPicker */ = {
			isa = PBXNativeTarget;
			buildConfigurationList = F5C7CC64202AF158003B6B29 /* Build configuration list for PBXNativeTarget "DoctorPicker" */;
			buildPhases = (
				9FF023BB89443228110C9F57 /* [CP] Check Pods Manifest.lock */,
				F5C7CC4E202AF158003B6B29 /* Sources */,
				F5C7CC4F202AF158003B6B29 /* Frameworks */,
				F5C7CC50202AF158003B6B29 /* Resources */,
				2F9E405AF6C1C559208DF5FC /* [CP] Embed Pods Frameworks */,
				E7B77E2AD2524F53D4F02F6D /* [CP] Copy Pods Resources */,
			);
			buildRules = (
			);
			dependencies = (
			);
			name = DoctorPicker;
			productName = DoctorPicker;
			productReference = F5C7CC52202AF158003B6B29 /* DoctorPicker.app */;
			productType = "com.apple.product-type.application";
		};
/* End PBXNativeTarget section */

/* Begin PBXProject section */
		F5C7CC4A202AF158003B6B29 /* Project object */ = {
			isa = PBXProject;
			attributes = {
				LastSwiftUpdateCheck = 0920;
				LastUpgradeCheck = 0920;
				ORGANIZATIONNAME = "Владислав Самохин";
				TargetAttributes = {
					F5C7CC51202AF158003B6B29 = {
						CreatedOnToolsVersion = 9.2;
						ProvisioningStyle = Automatic;
					};
				};
			};
			buildConfigurationList = F5C7CC4D202AF158003B6B29 /* Build configuration list for PBXProject "DoctorPicker" */;
			compatibilityVersion = "Xcode 8.0";
			developmentRegion = en;
			hasScannedForEncodings = 0;
			knownRegions = (
				en,
				Base,
			);
			mainGroup = F5C7CC49202AF158003B6B29;
			productRefGroup = F5C7CC53202AF158003B6B29 /* Products */;
			projectDirPath = "";
			projectRoot = "";
			targets = (
				F5C7CC51202AF158003B6B29 /* DoctorPicker */,
			);
		};
/* End PBXProject section */

/* Begin PBXResourcesBuildPhase section */
		F5C7CC50202AF158003B6B29 /* Resources */ = {
			isa = PBXResourcesBuildPhase;
			buildActionMask = 2147483647;
			files = (
				F5C7CC60202AF158003B6B29 /* LaunchScreen.storyboard in Resources */,
				F5C7CC6C202AFFBC003B6B29 /* Default-568h@2x.png in Resources */,
				F5C7CC5D202AF158003B6B29 /* Assets.xcassets in Resources */,
				F5C7CC5B202AF158003B6B29 /* Main.storyboard in Resources */,
			);
			runOnlyForDeploymentPostprocessing = 0;
		};
/* End PBXResourcesBuildPhase section */

/* Begin PBXShellScriptBuildPhase section */
		2F9E405AF6C1C559208DF5FC /* [CP] Embed Pods Frameworks */ = {
			isa = PBXShellScriptBuildPhase;
			buildActionMask = 2147483647;
			files = (
			);
			inputPaths = (
				"${SRCROOT}/Pods/Target Support Files/Pods-DoctorPicker/Pods-DoctorPicker-frameworks.sh",
				"${BUILT_PRODUCTS_DIR}/Alamofire/Alamofire.framework",
				"${BUILT_PRODUCTS_DIR}/ViewAnimator/ViewAnimator.framework",
			);
			name = "[CP] Embed Pods Frameworks";
			outputPaths = (
				"${TARGET_BUILD_DIR}/${FRAMEWORKS_FOLDER_PATH}/Alamofire.framework",
				"${TARGET_BUILD_DIR}/${FRAMEWORKS_FOLDER_PATH}/ViewAnimator.framework",
			);
			runOnlyForDeploymentPostprocessing = 0;
			shellPath = /bin/sh;
			shellScript = "\"${SRCROOT}/Pods/Target Support Files/Pods-DoctorPicker/Pods-DoctorPicker-frameworks.sh\"\n";
			showEnvVarsInLog = 0;
		};
		9FF023BB89443228110C9F57 /* [CP] Check Pods Manifest.lock */ = {
			isa = PBXShellScriptBuildPhase;
			buildActionMask = 2147483647;
			files = (
			);
			inputPaths = (
				"${PODS_PODFILE_DIR_PATH}/Podfile.lock",
				"${PODS_ROOT}/Manifest.lock",
			);
			name = "[CP] Check Pods Manifest.lock";
			outputPaths = (
				"$(DERIVED_FILE_DIR)/Pods-DoctorPicker-checkManifestLockResult.txt",
			);
			runOnlyForDeploymentPostprocessing = 0;
			shellPath = /bin/sh;
			shellScript = "diff \"${PODS_PODFILE_DIR_PATH}/Podfile.lock\" \"${PODS_ROOT}/Manifest.lock\" > /dev/null\nif [ $? != 0 ] ; then\n    # print error to STDERR\n    echo \"error: The sandbox is not in sync with the Podfile.lock. Run 'pod install' or update your CocoaPods installation.\" >&2\n    exit 1\nfi\n# This output is used by Xcode 'outputs' to avoid re-running this script phase.\necho \"SUCCESS\" > \"${SCRIPT_OUTPUT_FILE_0}\"\n";
			showEnvVarsInLog = 0;
		};
		E7B77E2AD2524F53D4F02F6D /* [CP] Copy Pods Resources */ = {
			isa = PBXShellScriptBuildPhase;
			buildActionMask = 2147483647;
			files = (
			);
			inputPaths = (
			);
			name = "[CP] Copy Pods Resources";
			outputPaths = (
			);
			runOnlyForDeploymentPostprocessing = 0;
			shellPath = /bin/sh;
			shellScript = "\"${SRCROOT}/Pods/Target Support Files/Pods-DoctorPicker/Pods-DoctorPicker-resources.sh\"\n";
			showEnvVarsInLog = 0;
		};
/* End PBXShellScriptBuildPhase section */

/* Begin PBXSourcesBuildPhase section */
		F5C7CC4E202AF158003B6B29 /* Sources */ = {
			isa = PBXSourcesBuildPhase;
			buildActionMask = 2147483647;
			files = (
				F5C7CC58202AF158003B6B29 /* ViewController.swift in Sources */,
				F5C7CC6A202AF267003B6B29 /* NetworkService.swift in Sources */,
				F5C7CC56202AF158003B6B29 /* AppDelegate.swift in Sources */,
			);
			runOnlyForDeploymentPostprocessing = 0;
		};
/* End PBXSourcesBuildPhase section */

/* Begin PBXVariantGroup section */
		F5C7CC59202AF158003B6B29 /* Main.storyboard */ = {
			isa = PBXVariantGroup;
			children = (
				F5C7CC5A202AF158003B6B29 /* Base */,
			);
			name = Main.storyboard;
			sourceTree = "<group>";
		};
		F5C7CC5E202AF158003B6B29 /* LaunchScreen.storyboard */ = {
			isa = PBXVariantGroup;
			children = (
				F5C7CC5F202AF158003B6B29 /* Base */,
			);
			name = LaunchScreen.storyboard;
			sourceTree = "<group>";
		};
/* End PBXVariantGroup section */

/* Begin XCBuildConfiguration section */
		F5C7CC62202AF158003B6B29 /* Debug */ = {
			isa = XCBuildConfiguration;
			buildSettings = {
				ALWAYS_SEARCH_USER_PATHS = NO;
				CLANG_ANALYZER_NONNULL = YES;
				CLANG_ANALYZER_NUMBER_OBJECT_CONVERSION = YES_AGGRESSIVE;
				CLANG_CXX_LANGUAGE_STANDARD = "gnu++14";
				CLANG_CXX_LIBRARY = "libc++";
				CLANG_ENABLE_MODULES = YES;
				CLANG_ENABLE_OBJC_ARC = YES;
				CLANG_WARN_BLOCK_CAPTURE_AUTORELEASING = YES;
				CLANG_WARN_BOOL_CONVERSION = YES;
				CLANG_WARN_COMMA = YES;
				CLANG_WARN_CONSTANT_CONVERSION = YES;
				CLANG_WARN_DIRECT_OBJC_ISA_USAGE = YES_ERROR;
				CLANG_WARN_DOCUMENTATION_COMMENTS = YES;
				CLANG_WARN_EMPTY_BODY = YES;
				CLANG_WARN_ENUM_CONVERSION = YES;
				CLANG_WARN_INFINITE_RECURSION = YES;
				CLANG_WARN_INT_CONVERSION = YES;
				CLANG_WARN_NON_LITERAL_NULL_CONVERSION = YES;
				CLANG_WARN_OBJC_LITERAL_CONVERSION = YES;
				CLANG_WARN_OBJC_ROOT_CLASS = YES_ERROR;
				CLANG_WARN_RANGE_LOOP_ANALYSIS = YES;
				CLANG_WARN_STRICT_PROTOTYPES = YES;
				CLANG_WARN_SUSPICIOUS_MOVE = YES;
				CLANG_WARN_UNGUARDED_AVAILABILITY = YES_AGGRESSIVE;
				CLANG_WARN_UNREACHABLE_CODE = YES;
				CLANG_WARN__DUPLICATE_METHOD_MATCH = YES;
				CODE_SIGN_IDENTITY = "iPhone Developer";
				COPY_PHASE_STRIP = NO;
				DEBUG_INFORMATION_FORMAT = dwarf;
				ENABLE_STRICT_OBJC_MSGSEND = YES;
				ENABLE_TESTABILITY = YES;
				GCC_C_LANGUAGE_STANDARD = gnu11;
				GCC_DYNAMIC_NO_PIC = NO;
				GCC_NO_COMMON_BLOCKS = YES;
				GCC_OPTIMIZATION_LEVEL = 0;
				GCC_PREPROCESSOR_DEFINITIONS = (
					"DEBUG=1",
					"$(inherited)",
				);
				GCC_WARN_64_TO_32_BIT_CONVERSION = YES;
				GCC_WARN_ABOUT_RETURN_TYPE = YES_ERROR;
				GCC_WARN_UNDECLARED_SELECTOR = YES;
				GCC_WARN_UNINITIALIZED_AUTOS = YES_AGGRESSIVE;
				GCC_WARN_UNUSED_FUNCTION = YES;
				GCC_WARN_UNUSED_VARIABLE = YES;
				IPHONEOS_DEPLOYMENT_TARGET = 11.2;
				MTL_ENABLE_DEBUG_INFO = YES;
				ONLY_ACTIVE_ARCH = YES;
				SDKROOT = iphoneos;
				SWIFT_ACTIVE_COMPILATION_CONDITIONS = DEBUG;
				SWIFT_OPTIMIZATION_LEVEL = "-Onone";
			};
			name = Debug;
		};
		F5C7CC63202AF158003B6B29 /* Release */ = {
			isa = XCBuildConfiguration;
			buildSettings = {
				ALWAYS_SEARCH_USER_PATHS = NO;
				CLANG_ANALYZER_NONNULL = YES;
				CLANG_ANALYZER_NUMBER_OBJECT_CONVERSION = YES_AGGRESSIVE;
				CLANG_CXX_LANGUAGE_STANDARD = "gnu++14";
				CLANG_CXX_LIBRARY = "libc++";
				CLANG_ENABLE_MODULES = YES;
				CLANG_ENABLE_OBJC_ARC = YES;
				CLANG_WARN_BLOCK_CAPTURE_AUTORELEASING = YES;
				CLANG_WARN_BOOL_CONVERSION = YES;
				CLANG_WARN_COMMA = YES;
				CLANG_WARN_CONSTANT_CONVERSION = YES;
				CLANG_WARN_DIRECT_OBJC_ISA_USAGE = YES_ERROR;
				CLANG_WARN_DOCUMENTATION_COMMENTS = YES;
				CLANG_WARN_EMPTY_BODY = YES;
				CLANG_WARN_ENUM_CONVERSION = YES;
				CLANG_WARN_INFINITE_RECURSION = YES;
				CLANG_WARN_INT_CONVERSION = YES;
				CLANG_WARN_NON_LITERAL_NULL_CONVERSION = YES;
				CLANG_WARN_OBJC_LITERAL_CONVERSION = YES;
				CLANG_WARN_OBJC_ROOT_CLASS = YES_ERROR;
				CLANG_WARN_RANGE_LOOP_ANALYSIS = YES;
				CLANG_WARN_STRICT_PROTOTYPES = YES;
				CLANG_WARN_SUSPICIOUS_MOVE = YES;
				CLANG_WARN_UNGUARDED_AVAILABILITY = YES_AGGRESSIVE;
				CLANG_WARN_UNREACHABLE_CODE = YES;
				CLANG_WARN__DUPLICATE_METHOD_MATCH = YES;
				CODE_SIGN_IDENTITY = "iPhone Developer";
				COPY_PHASE_STRIP = NO;
				DEBUG_INFORMATION_FORMAT = "dwarf-with-dsym";
				ENABLE_NS_ASSERTIONS = NO;
				ENABLE_STRICT_OBJC_MSGSEND = YES;
				GCC_C_LANGUAGE_STANDARD = gnu11;
				GCC_NO_COMMON_BLOCKS = YES;
				GCC_WARN_64_TO_32_BIT_CONVERSION = YES;
				GCC_WARN_ABOUT_RETURN_TYPE = YES_ERROR;
				GCC_WARN_UNDECLARED_SELECTOR = YES;
				GCC_WARN_UNINITIALIZED_AUTOS = YES_AGGRESSIVE;
				GCC_WARN_UNUSED_FUNCTION = YES;
				GCC_WARN_UNUSED_VARIABLE = YES;
				IPHONEOS_DEPLOYMENT_TARGET = 11.2;
				MTL_ENABLE_DEBUG_INFO = NO;
				SDKROOT = iphoneos;
				SWIFT_OPTIMIZATION_LEVEL = "-Owholemodule";
				VALIDATE_PRODUCT = YES;
			};
			name = Release;
		};
		F5C7CC65202AF158003B6B29 /* Debug */ = {
			isa = XCBuildConfiguration;
			baseConfigurationReference = A5E31567406754C88AD4539C /* Pods-DoctorPicker.debug.xcconfig */;
			buildSettings = {
				ASSETCATALOG_COMPILER_APPICON_NAME = AppIcon;
				CODE_SIGN_STYLE = Automatic;
				DEVELOPMENT_TEAM = 2KN287EC8H;
				INFOPLIST_FILE = "DoctorPicker/Supporting Files/Info.plist";
				IPHONEOS_DEPLOYMENT_TARGET = 10.0;
				LD_RUNPATH_SEARCH_PATHS = "$(inherited) @executable_path/Frameworks";
				PRODUCT_BUNDLE_IDENTIFIER = VladislavSamokhin.DoctorPicker;
				PRODUCT_NAME = "$(TARGET_NAME)";
				SWIFT_VERSION = 4.0;
				TARGETED_DEVICE_FAMILY = "1,2";
			};
			name = Debug;
		};
		F5C7CC66202AF158003B6B29 /* Release */ = {
			isa = XCBuildConfiguration;
			baseConfigurationReference = DA4269C96BA75DB1ED402692 /* Pods-DoctorPicker.release.xcconfig */;
			buildSettings = {
				ASSETCATALOG_COMPILER_APPICON_NAME = AppIcon;
				CODE_SIGN_STYLE = Automatic;
				DEVELOPMENT_TEAM = 2KN287EC8H;
				INFOPLIST_FILE = "DoctorPicker/Supporting Files/Info.plist";
				IPHONEOS_DEPLOYMENT_TARGET = 10.0;
				LD_RUNPATH_SEARCH_PATHS = "$(inherited) @executable_path/Frameworks";
				PRODUCT_BUNDLE_IDENTIFIER = VladislavSamokhin.DoctorPicker;
				PRODUCT_NAME = "$(TARGET_NAME)";
				SWIFT_VERSION = 4.0;
				TARGETED_DEVICE_FAMILY = "1,2";
			};
			name = Release;
		};
/* End XCBuildConfiguration section */

/* Begin XCConfigurationList section */
		F5C7CC4D202AF158003B6B29 /* Build configuration list for PBXProject "DoctorPicker" */ = {
			isa = XCConfigurationList;
			buildConfigurations = (
				F5C7CC62202AF158003B6B29 /* Debug */,
				F5C7CC63202AF158003B6B29 /* Release */,
			);
			defaultConfigurationIsVisible = 0;
			defaultConfigurationName = Release;
		};
		F5C7CC64202AF158003B6B29 /* Build configuration list for PBXNativeTarget "DoctorPicker" */ = {
			isa = XCConfigurationList;
			buildConfigurations = (
				F5C7CC65202AF158003B6B29 /* Debug */,
				F5C7CC66202AF158003B6B29 /* Release */,
			);
			defaultConfigurationIsVisible = 0;
			defaultConfigurationName = Release;
		};
/* End XCConfigurationList section */
	};
	rootObject = F5C7CC4A202AF158003B6B29 /* Project object */;
}
